
Microsoft Visual Studio Solution File, Format Version 12.00
# Visual Studio Version 16
VisualStudioVersion = 16.0.33027.164
MinimumVisualStudioVersion = 10.0.40219.1
Project("{FAE04EC0-301F-11D3-BF4B-00C04F79EFBC}") = "MainWinMasterUcDetailUcSwithFrm02", "MainWinMasterUcDetailUcSwithFrm02\MainWinMasterUcDetailUcSwithFrm02.csproj", "{1C490D24-11E1-4FF9-BB95-117181EED493}"
EndProject
Global
	GlobalSection(SolutionConfigurationPlatforms) = preSolution
		Debug|Any CPU = Debug|Any CPU
		Release|Any CPU = Release|Any CPU
	EndGlobalSection
	GlobalSection(ProjectConfigurationPlatforms) = postSolution
		{1C490D24-11E1-4FF9-BB95-117181EED493}.Debug|Any CPU.ActiveCfg = Debug|Any CPU
		{1C490D24-11E1-4FF9-BB95-117181EED493}.Debug|Any CPU.Build.0 = Debug|Any CPU
		{1C490D24-11E1-4FF9-BB95-117181EED493}.Release|Any CPU.ActiveCfg = Release|Any CPU
		{1C490D24-11E1-4FF9-BB95-117181EED493}.Release|Any CPU.Build.0 = Release|Any CPU
	EndGlobalSection
	GlobalSection(SolutionProperties) = preSolution
		HideSolutionNode = FALSE
	EndGlobalSection
	GlobalSection(ExtensibilityGlobals) = postSolution
		SolutionGuid = {5E78A256-251F-40A5-AC3E-0EA445BB4B4C}
	EndGlobalSection
EndGlobal
